# This file is generated by running "yarn install" inside your project.
# Manual changes might be lost - proceed with caution!

__metadata:
  version: 10
  cacheKey: 10c0

"@aws-sdk/checksums@npm:^3.1000.24":
  version: 3.1000.24
  resolution: "@aws-sdk/checksums@npm:3.1000.24"
  dependencies:
    "@aws-sdk/core": "npm:^3.977.4"
    "@aws-sdk/types": "npm:^3.974.2"
    "@smithy/core": "npm:^3.31.1"
    "@smithy/types": "npm:^4.16.1"
    tslib: "npm:^2.6.2"
  checksum: 10c0/1c170b570c6bdaa3a46d32963e4d9feb335adff6e29696e9a9580565fd3d8fb89d94256dde0a6abf2909376a6544aa741d20790734c5ae65940444c066108abe
  languageName: node
  linkType: hard

"@aws-sdk/client-s3@npm:^3.1092.0":
  version: 3.1101.0
  resolution: "@aws-sdk/client-s3@npm:3.1101.0"
  dependencies:
    "@aws-sdk/checksums": "npm:^3.1000.24"
    "@aws-sdk/core": "npm:^3.977.4"
    "@aws-sdk/credential-provider-node": "npm:^3.972.76"
    "@aws-sdk/middleware-sdk-s3": "npm:^3.972.70"
    "@aws-sdk/signature-v4-multi-region": "npm:^3.996.43"
    "@aws-sdk/types": "npm:^3.974.2"
    "@smithy/core": "npm:^3.31.1"
    "@smithy/fetch-http-handler": "npm:^5.6.13"
    "@smithy/node-http-handler": "npm:^4.9.13"
    "@smithy/types": "npm:^4.16.1"
    tslib: "npm:^2.6.2"
  checksum: 10c0/7ed3a5fcd1dd1bf68a8a62062b6ccfe79f5372d171e4895e4efeceffd25ecefc8b04827523a1c1781b19c3acc5459ec4d2572a1fb7525541bc6e5b4494c74914
  languageName: node
  linkType: hard

"@aws-sdk/core@npm:^3.977.4":
  version: 3.977.4
  resolution: "@aws-sdk/core@npm:3.977.4"
  dependencies:
    "@aws-sdk/types": "npm:^3.974.2"
    "@aws-sdk/xml-builder": "npm:^3.972.37"
    "@aws/lambda-invoke-store": "npm:^0.3.0"
    "@smithy/core": "npm:^3.31.1"
    "@smithy/signature-v4": "npm:^5.6.12"
    "@smithy/types": "npm:^4.16.1"
    bowser: "npm:^2.11.0"
    tslib: "npm:^2.6.2"
  checksum: 10c0/f80b7fdf2868b457b5ee71a917e5e6b6c2dba3d334df7e4e545d31503d3fbfa686d71c66ba5df002fa0910cfca1ae7c44170dc0419ee87f9b7380cbfe9172769
  languageName: node
  linkType: hard

"@aws-sdk/credential-provider-env@npm:^3.972.65":
  version: 3.972.65
  resolution: "@aws-sdk/credential-provider-env@npm:3.972.65"
  dependencies:
    "@aws-sdk/core": "npm:^3.977.4"
    "@aws-sdk/types": "npm:^3.974.2"
    "@smithy/core": "npm:^3.31.1"
    "@smithy/types": "npm:^4.16.1"
    tslib: "npm:^2.6.2"
  checksum: 10c0/2d6fb7a2f4fc8482fec2d15a45ad751d23ceaac27656724305f84c4b770e4985b569927c56b647edb7775ba2e0270fd5cd89e5b7ee507b421a8306e7466473b2
  languageName: node
  linkType: hard

"@aws-sdk/credential-provider-http@npm:^3.972.67":
  version: 3.972.67
  resolution: "@aws-sdk/credential-provider-http@npm:3.972.67"
  dependencies:
    "@aws-sdk/core": "npm:^3.977.4"
    "@aws-sdk/types": "npm:^3.974.2"
    "@smithy/core": "npm:^3.31.1"
    "@smithy/fetch-http-handler": "npm:^5.6.13"
    "@smithy/node-http-handler": "npm:^4.9.13"
    "@smithy/types": "npm:^4.16.1"
    tslib: "npm:^2.6.2"
  checksum: 10c0/a75ef47b924b96710fa05b5d93b5e7a2e3a0e81e7389f8183e6202b211785ccc5c12fcfbd83227f02e11f5725971013ed0124f1540e2a5d46d254558da3e809f
  languageName: node
  linkType: hard

"@aws-sdk/credential-provider-ini@npm:^3.973.10":
  version: 3.973.10
  resolution: "@aws-sdk/credential-provider-ini@npm:3.973.10"
  dependencies:
    "@aws-sdk/core": "npm:^3.977.4"
    "@aws-sdk/credential-provider-env": "npm:^3.972.65"
    "@aws-sdk/credential-provider-http": "npm:^3.972.67"
    "@aws-sdk/credential-provider-login": "npm:^3.972.72"
    "@aws-sdk/credential-provider-process": "npm:^3.972.65"
    "@aws-sdk/credential-provider-sso": "npm:^3.973.9"
    "@aws-sdk/credential-provider-web-identity": "npm:^3.972.71"
    "@aws-sdk/nested-clients": "npm:^3.997.39"
    "@aws-sdk/types": "npm:^3.974.2"
    "@smithy/core": "npm:^3.31.1"
    "@smithy/credential-provider-imds": "npm:^4.4.16"
    "@smithy/types": "npm:^4.16.1"
    tslib: "npm:^2.6.2"
  checksum: 10c0/a69b39c1241efc5d467ed664919eb129f4ee48b7255ccb88b9ba6e674407a2380ce553cea7508748863a2d384e658a96c0568271b28fa64f6178681b48873e1b
  languageName: node
  linkType: hard

"@aws-sdk/credential-provider-login@npm:^3.972.72":
  version: 3.972.72
  resolution: "@aws-sdk/credential-provider-login@npm:3.972.72"
  dependencies:
    "@aws-sdk/core": "npm:^3.977.4"
    "@aws-sdk/nested-clients": "npm:^3.997.39"
    "@aws-sdk/types": "npm:^3.974.2"
    "@smithy/core": "npm:^3.31.1"
    "@smithy/types": "npm:^4.16.1"
    tslib: "npm:^2.6.2"
  checksum: 10c0/2efe2b875ccbb47b4ac6b609396cb7aae58fadfface8f4d4f285652a256317c6af21fff70bbbb7d8f5ea36697e1f9549ec4fd51e5bb55d5fa2582d39019dc7d0
  languageName: node
  linkType: hard

"@aws-sdk/credential-provider-node@npm:^3.972.76":
  version: 3.972.76
  resolution: "@aws-sdk/credential-provider-node@npm:3.972.76"
  dependencies:
    "@aws-sdk/credential-provider-env": "npm:^3.972.65"
    "@aws-sdk/credential-provider-http": "npm:^3.972.67"
    "@aws-sdk/credential-provider-ini": "npm:^3.973.10"
    "@aws-sdk/credential-provider-process": "npm:^3.972.65"
    "@aws-sdk/credential-provider-sso": "npm:^3.973.9"
    "@aws-sdk/credential-provider-web-identity": "npm:^3.972.71"
    "@aws-sdk/types": "npm:^3.974.2"
    "@smithy/core": "npm:^3.31.1"
    "@smithy/credential-provider-imds": "npm:^4.4.16"
    "@smithy/types": "npm:^4.16.1"
    tslib: "npm:^2.6.2"
  checksum: 10c0/f3dd3ca4cecb35a5cbe3ffd1029a4af370a27591996d50d8d2dbc08811d5472e53b10ce0cb18090d85d98cf5c46c0257ecc6a7ff1dc70e7164850a4b4bc1a5e1
  languageName: node
  linkType: hard

"@aws-sdk/credential-provider-process@npm:^3.972.65":
  version: 3.972.65
  resolution: "@aws-sdk/credential-provider-process@npm:3.972.65"
  dependencies:
    "@aws-sdk/core": "npm:^3.977.4"
    "@aws-sdk/types": "npm:^3.974.2"
    "@smithy/core": "npm:^3.31.1"
    "@smithy/types": "npm:^4.16.1"
    tslib: "npm:^2.6.2"
  checksum: 10c0/e9a1de343e53e9ba491137b4ae25e5516e761af8509749b896a63850872ceff4a79cab09f98bee745c86eeb4fe1dd9b8cbd71fd1a3fafd15660c6bcf1a09f838
  languageName: node
  linkType: hard

"@aws-sdk/credential-provider-sso@npm:^3.973.9":
  version: 3.973.9
  resolution: "@aws-sdk/credential-provider-sso@npm:3.973.9"
  dependencies:
    "@aws-sdk/core": "npm:^3.977.4"
    "@aws-sdk/nested-clients": "npm:^3.997.39"
    "@aws-sdk/token-providers": "npm:3.1100.0"
    "@aws-sdk/types": "npm:^3.974.2"
    "@smithy/core": "npm:^3.31.1"
    "@smithy/types": "npm:^4.16.1"
    tslib: "npm:^2.6.2"
  checksum: 10c0/94d66be2801d7a84cfbfac3a6c86d0b6faf4ea59dfe811134fa5fbc703c57ff9d7f084f37b3499a7ec34beaa5056e81d2cbfb49ed1faf23c1c93561d1652a572
  languageName: node
  linkType: hard

"@aws-sdk/credential-provider-web-identity@npm:^3.972.71":
  version: 3.972.71
  resolution: "@aws-sdk/credential-provider-web-identity@npm:3.972.71"
  dependencies:
    "@aws-sdk/core": "npm:^3.977.4"
    "@aws-sdk/nested-clients": "npm:^3.997.39"
    "@aws-sdk/types": "npm:^3.974.2"
    "@smithy/core": "npm:^3.31.1"
    "@smithy/types": "npm:^4.16.1"
    tslib: "npm:^2.6.2"
  checksum: 10c0/340d78eb346facd2f90b21cb1ced8c51f30f1e2c877874c03b1dfb6d3d20ae0b369905f37ab66b90efb3ff8ea5b5f019945484d9ba92dfdbb6e2427bf0a41c28
  languageName: node
  linkType: hard

"@aws-sdk/lib-transfer-manager@file:./aws-sdk-lib-transfer-manager-3.1092.0-kuhe.tgz::locator=s3-benchrunner-js%40workspace%3A.":
  version: 3.1092.0
  resolution: "@aws-sdk/lib-transfer-manager@file:./aws-sdk-lib-transfer-manager-3.1092.0-kuhe.tgz#./aws-sdk-lib-transfer-manager-3.1092.0-kuhe.tgz::hash=9d8942&locator=s3-benchrunner-js%40workspace%3A."
  dependencies:
    "@smithy/core": "npm:^3.29.4"
    "@smithy/node-http-handler": "npm:^4.9.6"
    "@smithy/types": "npm:^4.16.1"
    tslib: "npm:^2.6.2"
  peerDependencies:
    "@aws-sdk/client-s3": "workspace:^3.1092.0"
  checksum: 10c0/92a34825def94f8decb9401835c17c7427756abc6a09add4ecfedac5d2eedec5367ab674b33c2985ab6b89fbfd711c4681ef5bfb5b749469d45a131f0a403d97
  languageName: node
  linkType: hard

"@aws-sdk/middleware-sdk-s3@npm:^3.972.70":
  version: 3.972.70
  resolution: "@aws-sdk/middleware-sdk-s3@npm:3.972.70"
  dependencies:
    "@aws-sdk/core": "npm:^3.977.4"
    "@aws-sdk/signature-v4-multi-region": "npm:^3.996.43"
    "@aws-sdk/types": "npm:^3.974.2"
    "@smithy/core": "npm:^3.31.1"
    "@smithy/types": "npm:^4.16.1"
    tslib: "npm:^2.6.2"
  checksum: 10c0/3f45e8b3d5933b7e69a7902d536a32c65a9ebc5fd467f9adf2bea2d81586b8f5aa520b3d3d1136268d7a58fc685bd1e8831970a90fa0f0b294293bfe7a14e462
  languageName: node
  linkType: hard

"@aws-sdk/nested-clients@npm:^3.997.39":
  version: 3.997.39
  resolution: "@aws-sdk/nested-clients@npm:3.997.39"
  dependencies:
    "@aws-sdk/core": "npm:^3.977.4"
    "@aws-sdk/signature-v4-multi-region": "npm:^3.996.43"
    "@aws-sdk/types": "npm:^3.974.2"
    "@smithy/core": "npm:^3.31.1"
    "@smithy/fetch-http-handler": "npm:^5.6.13"
    "@smithy/node-http-handler": "npm:^4.9.13"
    "@smithy/types": "npm:^4.16.1"
    tslib: "npm:^2.6.2"
  checksum: 10c0/085dbcd65bd37cff080ad194aa316a915e04145c3ed92faa714ad2b20498501b45b6ed05df29c5283e1a7d8c7586c49bb27bcb0035e5ccebbb0593133a8cd988
  languageName: node
  linkType: hard

"@aws-sdk/signature-v4-multi-region@npm:^3.996.43":
  version: 3.996.43
  resolution: "@aws-sdk/signature-v4-multi-region@npm:3.996.43"
  dependencies:
    "@aws-sdk/types": "npm:^3.974.2"
    "@smithy/signature-v4": "npm:^5.6.12"
    "@smithy/types": "npm:^4.16.1"
    tslib: "npm:^2.6.2"
  checksum: 10c0/268608dd5624c6377243903d588b9c13b8de3f3f3e6bea68fc684d125bc92a991fd15a67cb178d1a7a599d0415ce5283f44ba6b96d14909b185d7ff26a9d979b
  languageName: node
  linkType: hard

"@aws-sdk/token-providers@npm:3.1100.0":
  version: 3.1100.0
  resolution: "@aws-sdk/token-providers@npm:3.1100.0"
  dependencies:
    "@aws-sdk/core": "npm:^3.977.4"
    "@aws-sdk/nested-clients": "npm:^3.997.39"
    "@aws-sdk/types": "npm:^3.974.2"
    "@smithy/core": "npm:^3.31.1"
    "@smithy/types": "npm:^4.16.1"
    tslib: "npm:^2.6.2"
  checksum: 10c0/ba4848a52175f801b238dcaa1815a8b51bed1ff102e171285c73b43819395fa02458f0b2f8574e49bd062143113ba2bd93890f85c6ff18c5cbfe8c90a836314f
  languageName: node
  linkType: hard

"@aws-sdk/types@npm:^3.974.2":
  version: 3.974.2
  resolution: "@aws-sdk/types@npm:3.974.2"
  dependencies:
    "@smithy/types": "npm:^4.16.1"
    tslib: "npm:^2.6.2"
  checksum: 10c0/b5ce05e8a4160c545edce1e8527e8ac490be7a6651c736f6811190b5d31d5682699889d51186ab0600df756679bebd2df9d650a17f577523441df803c4fb5777
  languageName: node
  linkType: hard

"@aws-sdk/xml-builder@npm:^3.972.37":
  version: 3.972.37
  resolution: "@aws-sdk/xml-builder@npm:3.972.37"
  dependencies:
    "@smithy/types": "npm:^4.16.1"
    tslib: "npm:^2.6.2"
  checksum: 10c0/738f9302f495b3b95602641166a4182244add6e9e079201dba7e8994657dd442df0e4cea3355aa8c7d7f08efb385decaaf0b543f03efdb291c118536f36ac1a1
  languageName: node
  linkType: hard

"@aws/lambda-invoke-store@npm:^0.3.0":
  version: 0.3.0
  resolution: "@aws/lambda-invoke-store@npm:0.3.0"
  checksum: 10c0/b4a2e6b3b5397bc606053e64270d26dc5c886336f88a98cad587b1592eec17058f8fb172f1827a9f0e591f3595cf8f01575c8c9b36cde38c06456f8a65204046
  languageName: node
  linkType: hard

"@smithy/core@npm:^3.29.4, @smithy/core@npm:^3.31.1":
  version: 3.31.1
  resolution: "@smithy/core@npm:3.31.1"
  dependencies:
    "@smithy/types": "npm:^4.16.1"
    tslib: "npm:^2.6.2"
  checksum: 10c0/b953c792dea2c13249b58c1799e4d6aaf21eb1a61e203b83e8e3a9156bebe14ca0585f0ca1ffdf65a193294dddff92a06fbe5c3fbd63ff0c174c88130b47a128
  languageName: node
  linkType: hard

"@smithy/credential-provider-imds@npm:^4.4.16":
  version: 4.4.16
  resolution: "@smithy/credential-provider-imds@npm:4.4.16"
  dependencies:
    "@smithy/core": "npm:^3.31.1"
    "@smithy/types": "npm:^4.16.1"
    tslib: "npm:^2.6.2"
  checksum: 10c0/d03687efbbd1f95e77b7dcb639f24f1600671929627cd743f7acf9640238746664e91f955026f22e235603e10537d46e31fa60f231adbdf37457e53720bc80f9
  languageName: node
  linkType: hard

"@smithy/fetch-http-handler@npm:^5.6.13":
  version: 5.6.13
  resolution: "@smithy/fetch-http-handler@npm:5.6.13"
  dependencies:
    "@smithy/core": "npm:^3.31.1"
    "@smithy/types": "npm:^4.16.1"
    tslib: "npm:^2.6.2"
  checksum: 10c0/028ba8794a6c487ebefae7f40d0124f70e51a1f4e0e465457845c1a44fd607320cd3c64d4a961f159aef59470f0fd43f0d2011b44ee5ef753b7e1dccbdf32ca3
  languageName: node
  linkType: hard

"@smithy/node-http-handler@npm:^4.9.13, @smithy/node-http-handler@npm:^4.9.6":
  version: 4.9.13
  resolution: "@smithy/node-http-handler@npm:4.9.13"
  dependencies:
    "@smithy/core": "npm:^3.31.1"
    "@smithy/types": "npm:^4.16.1"
    tslib: "npm:^2.6.2"
  checksum: 10c0/2f1cdef7a300ad49c3bb698c2ca4773af5e9202d291cfcd855c1b21ab08b3c4ddf56f3722d3251db4e9b7ac39ec1ebc551b156abf3fa70f74c5491bec421f6b5
  languageName: node
  linkType: hard

"@smithy/signature-v4@npm:^5.6.12":
  version: 5.6.12
  resolution: "@smithy/signature-v4@npm:5.6.12"
  dependencies:
    "@smithy/core": "npm:^3.31.1"
    "@smithy/types": "npm:^4.16.1"
    tslib: "npm:^2.6.2"
  checksum: 10c0/33656a41ad61dee16209703cb96b46b29014b3c4fad23bfbb90cdb5415ac06c6577b2bfff958ef9e6c19091364945135a0370b12ddc2daed557c903846e81fe7
  languageName: node
  linkType: hard

"@smithy/types@npm:^4.16.1":
  version: 4.16.1
  resolution: "@smithy/types@npm:4.16.1"
  dependencies:
    tslib: "npm:^2.6.2"
  checksum: 10c0/e024d9d148deca7bd21d032a9316db109bbe7cf256ffbb8d3981655b9f4f7695c08ec9b87f5a8cf1442e783ba26cb27e4f09603c5bfa3ba1e526c41b1b3e94d2
  languageName: node
  linkType: hard

"bowser@npm:^2.11.0":
  version: 2.14.1
  resolution: "bowser@npm:2.14.1"
  checksum: 10c0/bb69b55ba7f0456e3dc07d0cfd9467f985581f640ba8fd426b08754a6737ee0d6cf3b50607941e5255f04c83075b952ece0599f978dd4d20f1e95461104c5ffd
  languageName: node
  linkType: hard

"s3-benchrunner-js@workspace:.":
  version: 0.0.0-use.local
  resolution: "s3-benchrunner-js@workspace:."
  dependencies:
    "@aws-sdk/client-s3": "npm:^3.1092.0"
    "@aws-sdk/lib-transfer-manager": "file:./aws-sdk-lib-transfer-manager-3.1092.0-kuhe.tgz"
  bin:
    s3-benchrunner-js: main.js
  languageName: unknown
  linkType: soft

"tslib@npm:^2.6.2":
  version: 2.8.1
  resolution: "tslib@npm:2.8.1"
  checksum: 10c0/9c4759110a19c53f992d9aae23aac5ced636e99887b51b9e61def52611732872ff7668757d4e4c61f19691e36f4da981cd9485e869b4a7408d689f6bf1f14e62
  languageName: node
  linkType: hard
