Microsoft Visual Studio Solution File, Format Version 12.00
# Visual Studio Version 17
VisualStudioVersion = 17.5.2.0
MinimumVisualStudioVersion = 10.0.40219.1
Project("{FAE04EC0-301F-11D3-BF4B-00C04F79EFBC}") = "S3BenchRunner", "S3BenchRunner.csproj", "{B54B0832-F9A1-4173-1DF3-18B1DE07A43B}"
EndProject
Global
	GlobalSection(SolutionConfigurationPlatforms) = preSolution
		Debug|Any CPU = Debug|Any CPU
		Release|Any CPU = Release|Any CPU
	EndGlobalSection
	GlobalSection(ProjectConfigurationPlatforms) = postSolution
		{B54B0832-F9A1-4173-1DF3-18B1DE07A43B}.Debug|Any CPU.ActiveCfg = Debug|Any CPU
		{B54B0832-F9A1-4173-1DF3-18B1DE07A43B}.Debug|Any CPU.Build.0 = Debug|Any CPU
		{B54B0832-F9A1-4173-1DF3-18B1DE07A43B}.Release|Any CPU.ActiveCfg = Release|Any CPU
		{B54B0832-F9A1-4173-1DF3-18B1DE07A43B}.Release|Any CPU.Build.0 = Release|Any CPU
	EndGlobalSection
	GlobalSection(SolutionProperties) = preSolution
		HideSolutionNode = FALSE
	EndGlobalSection
	GlobalSection(ExtensibilityGlobals) = postSolution
		SolutionGuid = {7E9AB68D-089C-4ADB-AC38-8256F6C151E1}
	EndGlobalSection
EndGlobal
